{
  "requires": true,
  "lockfileVersion": 1,
  "dependencies": {
    "grunts": {
      "version": "0.0.2",
      "resolved": "https://registry.npmjs.org/grunts/-/grunts-0.0.2.tgz",
      "integrity": "sha512-+8tMCdugpVoPxlG8qUIpGoR+C3dlA2WTlU6xIxH3k4G+dD6TGH4rGswJ3ldpkirTeQ5Fm6/B7gPsn5uHmTcisQ=="
    }
  }
}
