
Microsoft Visual Studio Solution File, Format Version 12.00
# Visual Studio Version 17
VisualStudioVersion = 17.7.34009.444
MinimumVisualStudioVersion = 10.0.40219.1
Project("{9A19103F-16F7-4668-BE54-9A1E7A4F7556}") = "SCGP", "SCGP\SCGP.csproj", "{4493B17D-3DA6-4F8D-990E-4732077292A5}"
EndProject
Project("{9A19103F-16F7-4668-BE54-9A1E7A4F7556}") = "SCGPServiceGetDeliveryList", "SCGPServiceGetDeliveryList\SCGPServiceGetDeliveryList.csproj", "{1E09DDB3-E27B-4D53-B6BB-CE9CDEAA427C}"
EndProject
Project("{9A19103F-16F7-4668-BE54-9A1E7A4F7556}") = "Test", "Test\Test.csproj", "{44F87CF9-6C30-4D42-908D-2A5F92914AA1}"
EndProject
Project("{00D1A9C2-B5F0-4AF3-8072-F6C62B433612}") = "ProductDB", "ProductDB\ProductDB.sqlproj", "{7F9BA471-1B9E-4383-8E05-20DCF54B71BD}"
EndProject
Project("{9A19103F-16F7-4668-BE54-9A1E7A4F7556}") = "SCGHH", "SCGHH\SCGHH.csproj", "{B3CFA8A8-11E2-485C-945F-447A49FD476D}"
EndProject
Global
	GlobalSection(SolutionConfigurationPlatforms) = preSolution
		Debug|Any CPU = Debug|Any CPU
		Release|Any CPU = Release|Any CPU
	EndGlobalSection
	GlobalSection(ProjectConfigurationPlatforms) = postSolution
		{4493B17D-3DA6-4F8D-990E-4732077292A5}.Debug|Any CPU.ActiveCfg = Debug|Any CPU
		{4493B17D-3DA6-4F8D-990E-4732077292A5}.Debug|Any CPU.Build.0 = Debug|Any CPU
		{4493B17D-3DA6-4F8D-990E-4732077292A5}.Release|Any CPU.ActiveCfg = Release|Any CPU
		{4493B17D-3DA6-4F8D-990E-4732077292A5}.Release|Any CPU.Build.0 = Release|Any CPU
		{1E09DDB3-E27B-4D53-B6BB-CE9CDEAA427C}.Debug|Any CPU.ActiveCfg = Debug|Any CPU
		{1E09DDB3-E27B-4D53-B6BB-CE9CDEAA427C}.Debug|Any CPU.Build.0 = Debug|Any CPU
		{1E09DDB3-E27B-4D53-B6BB-CE9CDEAA427C}.Release|Any CPU.ActiveCfg = Release|Any CPU
		{1E09DDB3-E27B-4D53-B6BB-CE9CDEAA427C}.Release|Any CPU.Build.0 = Release|Any CPU
		{44F87CF9-6C30-4D42-908D-2A5F92914AA1}.Debug|Any CPU.ActiveCfg = Debug|Any CPU
		{44F87CF9-6C30-4D42-908D-2A5F92914AA1}.Debug|Any CPU.Build.0 = Debug|Any CPU
		{44F87CF9-6C30-4D42-908D-2A5F92914AA1}.Release|Any CPU.ActiveCfg = Release|Any CPU
		{44F87CF9-6C30-4D42-908D-2A5F92914AA1}.Release|Any CPU.Build.0 = Release|Any CPU
		{7F9BA471-1B9E-4383-8E05-20DCF54B71BD}.Debug|Any CPU.ActiveCfg = Debug|Any CPU
		{7F9BA471-1B9E-4383-8E05-20DCF54B71BD}.Debug|Any CPU.Build.0 = Debug|Any CPU
		{7F9BA471-1B9E-4383-8E05-20DCF54B71BD}.Debug|Any CPU.Deploy.0 = Debug|Any CPU
		{7F9BA471-1B9E-4383-8E05-20DCF54B71BD}.Release|Any CPU.ActiveCfg = Release|Any CPU
		{7F9BA471-1B9E-4383-8E05-20DCF54B71BD}.Release|Any CPU.Build.0 = Release|Any CPU
		{7F9BA471-1B9E-4383-8E05-20DCF54B71BD}.Release|Any CPU.Deploy.0 = Release|Any CPU
		{B3CFA8A8-11E2-485C-945F-447A49FD476D}.Debug|Any CPU.ActiveCfg = Debug|Any CPU
		{B3CFA8A8-11E2-485C-945F-447A49FD476D}.Debug|Any CPU.Build.0 = Debug|Any CPU
		{B3CFA8A8-11E2-485C-945F-447A49FD476D}.Release|Any CPU.ActiveCfg = Release|Any CPU
		{B3CFA8A8-11E2-485C-945F-447A49FD476D}.Release|Any CPU.Build.0 = Release|Any CPU
	EndGlobalSection
	GlobalSection(SolutionProperties) = preSolution
		HideSolutionNode = FALSE
	EndGlobalSection
	GlobalSection(ExtensibilityGlobals) = postSolution
		SolutionGuid = {7E68DAC1-F6A5-4D93-AD72-1EDAC6E10EDC}
	EndGlobalSection
EndGlobal
